// !$*UTF8*$!
{
	archiveVersion = 1;
	classes = {
	};
	objectVersion = 46;
	objects = {

/* Begin PBXBuildFile section */
		BB810B301C38471800E5E93C /* AppDelegate.swift in Sources */ = {isa = PBXBuildFile; fileRef = BB810B2F1C38471800E5E93C /* AppDelegate.swift */; };
		BB810B351C38471800E5E93C /* Main.storyboard in Resources */ = {isa = PBXBuildFile; fileRef = BB810B331C38471800E5E93C /* Main.storyboard */; };
		BB810B381C38471800E5E93C /* NextFlym.xcdatamodeld in Sources */ = {isa = PBXBuildFile; fileRef = BB810B361C38471800E5E93C /* NextFlym.xcdatamodeld */; };
		BB810B3A1C38471800E5E93C /* Assets.xcassets in Resources */ = {isa = PBXBuildFile; fileRef = BB810B391C38471800E5E93C /* Assets.xcassets */; };
		BB810B3D1C38471800E5E93C /* LaunchScreen.storyboard in Resources */ = {isa = PBXBuildFile; fileRef = BB810B3B1C38471800E5E93C /* LaunchScreen.storyboard */; };
		BB810B481C38471800E5E93C /* NextFlymTests.swift in Sources */ = {isa = PBXBuildFile; fileRef = BB810B471C38471800E5E93C /* NextFlymTests.swift */; };
		BB810B531C38471800E5E93C /* NextFlymUITests.swift in Sources */ = {isa = PBXBuildFile; fileRef = BB810B521C38471800E5E93C /* NextFlymUITests.swift */; };
		BB810B621C3848A400E5E93C /* Constants.swift in Sources */ = {isa = PBXBuildFile; fileRef = BB810B611C3848A400E5E93C /* Constants.swift */; };
		BB810B651C3848EA00E5E93C /* NetworkManager.swift in Sources */ = {isa = PBXBuildFile; fileRef = BB810B641C3848EA00E5E93C /* NetworkManager.swift */; };
		BB810B671C391EF300E5E93C /* ArticleParser.swift in Sources */ = {isa = PBXBuildFile; fileRef = BB810B661C391EF200E5E93C /* ArticleParser.swift */; };
		BB810B6A1C392B5600E5E93C /* Article.swift in Sources */ = {isa = PBXBuildFile; fileRef = BB810B691C392B5600E5E93C /* Article.swift */; };
		BB810B6C1C3931D000E5E93C /* Article+CoreDataProperties.swift in Sources */ = {isa = PBXBuildFile; fileRef = BB810B6B1C3931D000E5E93C /* Article+CoreDataProperties.swift */; };
		BB810B6E1C3931FF00E5E93C /* CoreDataManager.swift in Sources */ = {isa = PBXBuildFile; fileRef = BB810B6D1C3931FF00E5E93C /* CoreDataManager.swift */; };
		BB810B711C3947CB00E5E93C /* ArticleListTableViewController.swift in Sources */ = {isa = PBXBuildFile; fileRef = BB810B701C3947CB00E5E93C /* ArticleListTableViewController.swift */; };
		BB810B731C3948BB00E5E93C /* ArticleDetailTableViewController.swift in Sources */ = {isa = PBXBuildFile; fileRef = BB810B721C3948BB00E5E93C /* ArticleDetailTableViewController.swift */; };
		BB810B761C3949BE00E5E93C /* ArticleHeaderTableViewCell.swift in Sources */ = {isa = PBXBuildFile; fileRef = BB810B751C3949BE00E5E93C /* ArticleHeaderTableViewCell.swift */; };
		BB810B781C3949D900E5E93C /* ArticleListTableViewCell.swift in Sources */ = {isa = PBXBuildFile; fileRef = BB810B771C3949D900E5E93C /* ArticleListTableViewCell.swift */; };
		BB810B7B1C394E3E00E5E93C /* ViewController+Additions.swift in Sources */ = {isa = PBXBuildFile; fileRef = BB810B7A1C394E3E00E5E93C /* ViewController+Additions.swift */; };
/* End PBXBuildFile section */

/* Begin PBXContainerItemProxy section */
		BB810B441C38471800E5E93C /* PBXContainerItemProxy */ = {
			isa = PBXContainerItemProxy;
			containerPortal = BB810B241C38471800E5E93C /* Project object */;
			proxyType = 1;
			remoteGlobalIDString = BB810B2B1C38471800E5E93C;
			remoteInfo = NextFlym;
		};
		BB810B4F1C38471800E5E93C /* PBXContainerItemProxy */ = {
			isa = PBXContainerItemProxy;
			containerPortal = BB810B241C38471800E5E93C /* Project object */;
			proxyType = 1;
			remoteGlobalIDString = BB810B2B1C38471800E5E93C;
			remoteInfo = NextFlym;
		};
/* End PBXContainerItemProxy section */

/* Begin PBXFileReference section */
		BB810B2C1C38471800E5E93C /* NextFlym.app */ = {isa = PBXFileReference; explicitFileType = wrapper.application; includeInIndex = 0; path = NextFlym.app; sourceTree = BUILT_PRODUCTS_DIR; };
		BB810B2F1C38471800E5E93C /* AppDelegate.swift */ = {isa = PBXFileReference; lastKnownFileType = sourcecode.swift; path = AppDelegate.swift; sourceTree = "<group>"; };
		BB810B341C38471800E5E93C /* Base */ = {isa = PBXFileReference; lastKnownFileType = file.storyboard; name = Base; path = Base.lproj/Main.storyboard; sourceTree = "<group>"; };
		BB810B371C38471800E5E93C /* NextFlym.xcdatamodel */ = {isa = PBXFileReference; lastKnownFileType = wrapper.xcdatamodel; path = NextFlym.xcdatamodel; sourceTree = "<group>"; };
		BB810B391C38471800E5E93C /* Assets.xcassets */ = {isa = PBXFileReference; lastKnownFileType = folder.assetcatalog; path = Assets.xcassets; sourceTree = "<group>"; };
		BB810B3C1C38471800E5E93C /* Base */ = {isa = PBXFileReference; lastKnownFileType = file.storyboard; name = Base; path = Base.lproj/LaunchScreen.storyboard; sourceTree = "<group>"; };
		BB810B3E1C38471800E5E93C /* Info.plist */ = {isa = PBXFileReference; lastKnownFileType = text.plist.xml; path = Info.plist; sourceTree = "<group>"; };
		BB810B431C38471800E5E93C /* NextFlymTests.xctest */ = {isa = PBXFileReference; explicitFileType = wrapper.cfbundle; includeInIndex = 0; path = NextFlymTests.xctest; sourceTree = BUILT_PRODUCTS_DIR; };
		BB810B471C38471800E5E93C /* NextFlymTests.swift */ = {isa = PBXFileReference; lastKnownFileType = sourcecode.swift; path = NextFlymTests.swift; sourceTree = "<group>"; };
		BB810B491C38471800E5E93C /* Info.plist */ = {isa = PBXFileReference; lastKnownFileType = text.plist.xml; path = Info.plist; sourceTree = "<group>"; };
		BB810B4E1C38471800E5E93C /* NextFlymUITests.xctest */ = {isa = PBXFileReference; explicitFileType = wrapper.cfbundle; includeInIndex = 0; path = NextFlymUITests.xctest; sourceTree = BUILT_PRODUCTS_DIR; };
		BB810B521C38471800E5E93C /* NextFlymUITests.swift */ = {isa = PBXFileReference; lastKnownFileType = sourcecode.swift; path = NextFlymUITests.swift; sourceTree = "<group>"; };
		BB810B541C38471800E5E93C /* Info.plist */ = {isa = PBXFileReference; lastKnownFileType = text.plist.xml; path = Info.plist; sourceTree = "<group>"; };
		BB810B611C3848A400E5E93C /* Constants.swift */ = {isa = PBXFileReference; fileEncoding = 4; lastKnownFileType = sourcecode.swift; path = Constants.swift; sourceTree = "<group>"; };
		BB810B641C3848EA00E5E93C /* NetworkManager.swift */ = {isa = PBXFileReference; fileEncoding = 4; lastKnownFileType = sourcecode.swift; path = NetworkManager.swift; sourceTree = "<group>"; };
		BB810B661C391EF200E5E93C /* ArticleParser.swift */ = {isa = PBXFileReference; fileEncoding = 4; lastKnownFileType = sourcecode.swift; path = ArticleParser.swift; sourceTree = "<group>"; };
		BB810B691C392B5600E5E93C /* Article.swift */ = {isa = PBXFileReference; fileEncoding = 4; lastKnownFileType = sourcecode.swift; path = Article.swift; sourceTree = "<group>"; };
		BB810B6B1C3931D000E5E93C /* Article+CoreDataProperties.swift */ = {isa = PBXFileReference; fileEncoding = 4; lastKnownFileType = sourcecode.swift; path = "Article+CoreDataProperties.swift"; sourceTree = "<group>"; };
		BB810B6D1C3931FF00E5E93C /* CoreDataManager.swift */ = {isa = PBXFileReference; fileEncoding = 4; lastKnownFileType = sourcecode.swift; path = CoreDataManager.swift; sourceTree = "<group>"; };
		BB810B701C3947CB00E5E93C /* ArticleListTableViewController.swift */ = {isa = PBXFileReference; fileEncoding = 4; lastKnownFileType = sourcecode.swift; path = ArticleListTableViewController.swift; sourceTree = "<group>"; };
		BB810B721C3948BB00E5E93C /* ArticleDetailTableViewController.swift */ = {isa = PBXFileReference; fileEncoding = 4; lastKnownFileType = sourcecode.swift; path = ArticleDetailTableViewController.swift; sourceTree = "<group>"; };
		BB810B751C3949BE00E5E93C /* ArticleHeaderTableViewCell.swift */ = {isa = PBXFileReference; fileEncoding = 4; lastKnownFileType = sourcecode.swift; path = ArticleHeaderTableViewCell.swift; sourceTree = "<group>"; };
		BB810B771C3949D900E5E93C /* ArticleListTableViewCell.swift */ = {isa = PBXFileReference; fileEncoding = 4; lastKnownFileType = sourcecode.swift; path = ArticleListTableViewCell.swift; sourceTree = "<group>"; };
		BB810B7A1C394E3E00E5E93C /* ViewController+Additions.swift */ = {isa = PBXFileReference; fileEncoding = 4; lastKnownFileType = sourcecode.swift; path = "ViewController+Additions.swift"; sourceTree = "<group>"; };
/* End PBXFileReference section */

/* Begin PBXFrameworksBuildPhase section */
		BB810B291C38471800E5E93C /* Frameworks */ = {
			isa = PBXFrameworksBuildPhase;
			buildActionMask = 2147483647;
			files = (
			);
			runOnlyForDeploymentPostprocessing = 0;
		};
		BB810B401C38471800E5E93C /* Frameworks */ = {
			isa = PBXFrameworksBuildPhase;
			buildActionMask = 2147483647;
			files = (
			);
			runOnlyForDeploymentPostprocessing = 0;
		};
		BB810B4B1C38471800E5E93C /* Frameworks */ = {
			isa = PBXFrameworksBuildPhase;
			buildActionMask = 2147483647;
			files = (
			);
			runOnlyForDeploymentPostprocessing = 0;
		};
/* End PBXFrameworksBuildPhase section */

/* Begin PBXGroup section */
		BB810B231C38471800E5E93C = {
			isa = PBXGroup;
			children = (
				BB810B2E1C38471800E5E93C /* NextFlym */,
				BB810B461C38471800E5E93C /* NextFlymTests */,
				BB810B511C38471800E5E93C /* NextFlymUITests */,
				BB810B2D1C38471800E5E93C /* Products */,
			);
			sourceTree = "<group>";
		};
		BB810B2D1C38471800E5E93C /* Products */ = {
			isa = PBXGroup;
			children = (
				BB810B2C1C38471800E5E93C /* NextFlym.app */,
				BB810B431C38471800E5E93C /* NextFlymTests.xctest */,
				BB810B4E1C38471800E5E93C /* NextFlymUITests.xctest */,
			);
			name = Products;
			sourceTree = "<group>";
		};
		BB810B2E1C38471800E5E93C /* NextFlym */ = {
			isa = PBXGroup;
			children = (
				BB810B791C394E2E00E5E93C /* Extensions */,
				BB810B6F1C39393E00E5E93C /* Controllers */,
				BB810B681C392B1D00E5E93C /* Models */,
				BB810B631C3848D500E5E93C /* API */,
				BB810B601C38488200E5E93C /* Supporting File */,
				BB810B2F1C38471800E5E93C /* AppDelegate.swift */,
				BB810B331C38471800E5E93C /* Main.storyboard */,
				BB810B391C38471800E5E93C /* Assets.xcassets */,
				BB810B3B1C38471800E5E93C /* LaunchScreen.storyboard */,
				BB810B3E1C38471800E5E93C /* Info.plist */,
				BB810B361C38471800E5E93C /* NextFlym.xcdatamodeld */,
			);
			path = NextFlym;
			sourceTree = "<group>";
		};
		BB810B461C38471800E5E93C /* NextFlymTests */ = {
			isa = PBXGroup;
			children = (
				BB810B471C38471800E5E93C /* NextFlymTests.swift */,
				BB810B491C38471800E5E93C /* Info.plist */,
			);
			path = NextFlymTests;
			sourceTree = "<group>";
		};
		BB810B511C38471800E5E93C /* NextFlymUITests */ = {
			isa = PBXGroup;
			children = (
				BB810B521C38471800E5E93C /* NextFlymUITests.swift */,
				BB810B541C38471800E5E93C /* Info.plist */,
			);
			path = NextFlymUITests;
			sourceTree = "<group>";
		};
		BB810B601C38488200E5E93C /* Supporting File */ = {
			isa = PBXGroup;
			children = (
				BB810B611C3848A400E5E93C /* Constants.swift */,
			);
			name = "Supporting File";
			sourceTree = "<group>";
		};
		BB810B631C3848D500E5E93C /* API */ = {
			isa = PBXGroup;
			children = (
				BB810B641C3848EA00E5E93C /* NetworkManager.swift */,
				BB810B661C391EF200E5E93C /* ArticleParser.swift */,
			);
			name = API;
			sourceTree = "<group>";
		};
		BB810B681C392B1D00E5E93C /* Models */ = {
			isa = PBXGroup;
			children = (
				BB810B6B1C3931D000E5E93C /* Article+CoreDataProperties.swift */,
				BB810B691C392B5600E5E93C /* Article.swift */,
				BB810B6D1C3931FF00E5E93C /* CoreDataManager.swift */,
			);
			name = Models;
			sourceTree = "<group>";
		};
		BB810B6F1C39393E00E5E93C /* Controllers */ = {
			isa = PBXGroup;
			children = (
				BB810B741C3949A400E5E93C /* Custom Cells */,
				BB810B701C3947CB00E5E93C /* ArticleListTableViewController.swift */,
				BB810B721C3948BB00E5E93C /* ArticleDetailTableViewController.swift */,
			);
			name = Controllers;
			sourceTree = "<group>";
		};
		BB810B741C3949A400E5E93C /* Custom Cells */ = {
			isa = PBXGroup;
			children = (
				BB810B751C3949BE00E5E93C /* ArticleHeaderTableViewCell.swift */,
				BB810B771C3949D900E5E93C /* ArticleListTableViewCell.swift */,
			);
			name = "Custom Cells";
			sourceTree = "<group>";
		};
		BB810B791C394E2E00E5E93C /* Extensions */ = {
			isa = PBXGroup;
			children = (
				BB810B7A1C394E3E00E5E93C /* ViewController+Additions.swift */,
			);
			name = Extensions;
			sourceTree = "<group>";
		};
/* End PBXGroup section */

/* Begin PBXNativeTarget section */
		BB810B2B1C38471800E5E93C /* NextFlym */ = {
			isa = PBXNativeTarget;
			buildConfigurationList = BB810B571C38471800E5E93C /* Build configuration list for PBXNativeTarget "NextFlym" */;
			buildPhases = (
				BB810B281C38471800E5E93C /* Sources */,
				BB810B291C38471800E5E93C /* Frameworks */,
				BB810B2A1C38471800E5E93C /* Resources */,
			);
			buildRules = (
			);
			dependencies = (
			);
			name = NextFlym;
			productName = NextFlym;
			productReference = BB810B2C1C38471800E5E93C /* NextFlym.app */;
			productType = "com.apple.product-type.application";
		};
		BB810B421C38471800E5E93C /* NextFlymTests */ = {
			isa = PBXNativeTarget;
			buildConfigurationList = BB810B5A1C38471800E5E93C /* Build configuration list for PBXNativeTarget "NextFlymTests" */;
			buildPhases = (
				BB810B3F1C38471800E5E93C /* Sources */,
				BB810B401C38471800E5E93C /* Frameworks */,
				BB810B411C38471800E5E93C /* Resources */,
			);
			buildRules = (
			);
			dependencies = (
				BB810B451C38471800E5E93C /* PBXTargetDependency */,
			);
			name = NextFlymTests;
			productName = NextFlymTests;
			productReference = BB810B431C38471800E5E93C /* NextFlymTests.xctest */;
			productType = "com.apple.product-type.bundle.unit-test";
		};
		BB810B4D1C38471800E5E93C /* NextFlymUITests */ = {
			isa = PBXNativeTarget;
			buildConfigurationList = BB810B5D1C38471800E5E93C /* Build configuration list for PBXNativeTarget "NextFlymUITests" */;
			buildPhases = (
				BB810B4A1C38471800E5E93C /* Sources */,
				BB810B4B1C38471800E5E93C /* Frameworks */,
				BB810B4C1C38471800E5E93C /* Resources */,
			);
			buildRules = (
			);
			dependencies = (
				BB810B501C38471800E5E93C /* PBXTargetDependency */,
			);
			name = NextFlymUITests;
			productName = NextFlymUITests;
			productReference = BB810B4E1C38471800E5E93C /* NextFlymUITests.xctest */;
			productType = "com.apple.product-type.bundle.ui-testing";
		};
/* End PBXNativeTarget section */

/* Begin PBXProject section */
		BB810B241C38471800E5E93C /* Project object */ = {
			isa = PBXProject;
			attributes = {
				LastSwiftUpdateCheck = 0720;
				LastUpgradeCheck = 0720;
				ORGANIZATIONNAME = "Elfassi Mounir";
				TargetAttributes = {
					BB810B2B1C38471800E5E93C = {
						CreatedOnToolsVersion = 7.2;
						DevelopmentTeam = 68H95MU8DY;
					};
					BB810B421C38471800E5E93C = {
						CreatedOnToolsVersion = 7.2;
						DevelopmentTeam = 68H95MU8DY;
						TestTargetID = BB810B2B1C38471800E5E93C;
					};
					BB810B4D1C38471800E5E93C = {
						CreatedOnToolsVersion = 7.2;
						DevelopmentTeam = 68H95MU8DY;
						TestTargetID = BB810B2B1C38471800E5E93C;
					};
				};
			};
			buildConfigurationList = BB810B271C38471800E5E93C /* Build configuration list for PBXProject "NextFlym" */;
			compatibilityVersion = "Xcode 3.2";
			developmentRegion = English;
			hasScannedForEncodings = 0;
			knownRegions = (
				en,
				Base,
			);
			mainGroup = BB810B231C38471800E5E93C;
			productRefGroup = BB810B2D1C38471800E5E93C /* Products */;
			projectDirPath = "";
			projectRoot = "";
			targets = (
				BB810B2B1C38471800E5E93C /* NextFlym */,
				BB810B421C38471800E5E93C /* NextFlymTests */,
				BB810B4D1C38471800E5E93C /* NextFlymUITests */,
			);
		};
/* End PBXProject section */

/* Begin PBXResourcesBuildPhase section */
		BB810B2A1C38471800E5E93C /* Resources */ = {
			isa = PBXResourcesBuildPhase;
			buildActionMask = 2147483647;
			files = (
				BB810B3D1C38471800E5E93C /* LaunchScreen.storyboard in Resources */,
				BB810B3A1C38471800E5E93C /* Assets.xcassets in Resources */,
				BB810B351C38471800E5E93C /* Main.storyboard in Resources */,
			);
			runOnlyForDeploymentPostprocessing = 0;
		};
		BB810B411C38471800E5E93C /* Resources */ = {
			isa = PBXResourcesBuildPhase;
			buildActionMask = 2147483647;
			files = (
			);
			runOnlyForDeploymentPostprocessing = 0;
		};
		BB810B4C1C38471800E5E93C /* Resources */ = {
			isa = PBXResourcesBuildPhase;
			buildActionMask = 2147483647;
			files = (
			);
			runOnlyForDeploymentPostprocessing = 0;
		};
/* End PBXResourcesBuildPhase section */

/* Begin PBXSourcesBuildPhase section */
		BB810B281C38471800E5E93C /* Sources */ = {
			isa = PBXSourcesBuildPhase;
			buildActionMask = 2147483647;
			files = (
				BB810B6A1C392B5600E5E93C /* Article.swift in Sources */,
				BB810B671C391EF300E5E93C /* ArticleParser.swift in Sources */,
				BB810B381C38471800E5E93C /* NextFlym.xcdatamodeld in Sources */,
				BB810B6C1C3931D000E5E93C /* Article+CoreDataProperties.swift in Sources */,
				BB810B761C3949BE00E5E93C /* ArticleHeaderTableViewCell.swift in Sources */,
				BB810B651C3848EA00E5E93C /* NetworkManager.swift in Sources */,
				BB810B731C3948BB00E5E93C /* ArticleDetailTableViewController.swift in Sources */,
				BB810B7B1C394E3E00E5E93C /* ViewController+Additions.swift in Sources */,
				BB810B6E1C3931FF00E5E93C /* CoreDataManager.swift in Sources */,
				BB810B781C3949D900E5E93C /* ArticleListTableViewCell.swift in Sources */,
				BB810B301C38471800E5E93C /* AppDelegate.swift in Sources */,
				BB810B711C3947CB00E5E93C /* ArticleListTableViewController.swift in Sources */,
				BB810B621C3848A400E5E93C /* Constants.swift in Sources */,
			);
			runOnlyForDeploymentPostprocessing = 0;
		};
		BB810B3F1C38471800E5E93C /* Sources */ = {
			isa = PBXSourcesBuildPhase;
			buildActionMask = 2147483647;
			files = (
				BB810B481C38471800E5E93C /* NextFlymTests.swift in Sources */,
			);
			runOnlyForDeploymentPostprocessing = 0;
		};
		BB810B4A1C38471800E5E93C /* Sources */ = {
			isa = PBXSourcesBuildPhase;
			buildActionMask = 2147483647;
			files = (
				BB810B531C38471800E5E93C /* NextFlymUITests.swift in Sources */,
			);
			runOnlyForDeploymentPostprocessing = 0;
		};
/* End PBXSourcesBuildPhase section */

/* Begin PBXTargetDependency section */
		BB810B451C38471800E5E93C /* PBXTargetDependency */ = {
			isa = PBXTargetDependency;
			target = BB810B2B1C38471800E5E93C /* NextFlym */;
			targetProxy = BB810B441C38471800E5E93C /* PBXContainerItemProxy */;
		};
		BB810B501C38471800E5E93C /* PBXTargetDependency */ = {
			isa = PBXTargetDependency;
			target = BB810B2B1C38471800E5E93C /* NextFlym */;
			targetProxy = BB810B4F1C38471800E5E93C /* PBXContainerItemProxy */;
		};
/* End PBXTargetDependency section */

/* Begin PBXVariantGroup section */
		BB810B331C38471800E5E93C /* Main.storyboard */ = {
			isa = PBXVariantGroup;
			children = (
				BB810B341C38471800E5E93C /* Base */,
			);
			name = Main.storyboard;
			sourceTree = "<group>";
		};
		BB810B3B1C38471800E5E93C /* LaunchScreen.storyboard */ = {
			isa = PBXVariantGroup;
			children = (
				BB810B3C1C38471800E5E93C /* Base */,
			);
			name = LaunchScreen.storyboard;
			sourceTree = "<group>";
		};
/* End PBXVariantGroup section */

/* Begin XCBuildConfiguration section */
		BB810B551C38471800E5E93C /* Debug */ = {
			isa = XCBuildConfiguration;
			buildSettings = {
				ALWAYS_SEARCH_USER_PATHS = NO;
				CLANG_CXX_LANGUAGE_STANDARD = "gnu++0x";
				CLANG_CXX_LIBRARY = "libc++";
				CLANG_ENABLE_MODULES = YES;
				CLANG_ENABLE_OBJC_ARC = YES;
				CLANG_WARN_BOOL_CONVERSION = YES;
				CLANG_WARN_CONSTANT_CONVERSION = YES;
				CLANG_WARN_DIRECT_OBJC_ISA_USAGE = YES_ERROR;
				CLANG_WARN_EMPTY_BODY = YES;
				CLANG_WARN_ENUM_CONVERSION = YES;
				CLANG_WARN_INT_CONVERSION = YES;
				CLANG_WARN_OBJC_ROOT_CLASS = YES_ERROR;
				CLANG_WARN_UNREACHABLE_CODE = YES;
				CLANG_WARN__DUPLICATE_METHOD_MATCH = YES;
				"CODE_SIGN_IDENTITY[sdk=iphoneos*]" = "iPhone Developer";
				COPY_PHASE_STRIP = NO;
				DEBUG_INFORMATION_FORMAT = dwarf;
				ENABLE_STRICT_OBJC_MSGSEND = YES;
				ENABLE_TESTABILITY = YES;
				GCC_C_LANGUAGE_STANDARD = gnu99;
				GCC_DYNAMIC_NO_PIC = NO;
				GCC_NO_COMMON_BLOCKS = YES;
				GCC_OPTIMIZATION_LEVEL = 0;
				GCC_PREPROCESSOR_DEFINITIONS = (
					"DEBUG=1",
					"$(inherited)",
				);
				GCC_WARN_64_TO_32_BIT_CONVERSION = YES;
				GCC_WARN_ABOUT_RETURN_TYPE = YES_ERROR;
				GCC_WARN_UNDECLARED_SELECTOR = YES;
				GCC_WARN_UNINITIALIZED_AUTOS = YES_AGGRESSIVE;
				GCC_WARN_UNUSED_FUNCTION = YES;
				GCC_WARN_UNUSED_VARIABLE = YES;
				IPHONEOS_DEPLOYMENT_TARGET = 9.2;
				MTL_ENABLE_DEBUG_INFO = YES;
				ONLY_ACTIVE_ARCH = YES;
				SDKROOT = iphoneos;
				SWIFT_OPTIMIZATION_LEVEL = "-Onone";
			};
			name = Debug;
		};
		BB810B561C38471800E5E93C /* Release */ = {
			isa = XCBuildConfiguration;
			buildSettings = {
				ALWAYS_SEARCH_USER_PATHS = NO;
				CLANG_CXX_LANGUAGE_STANDARD = "gnu++0x";
				CLANG_CXX_LIBRARY = "libc++";
				CLANG_ENABLE_MODULES = YES;
				CLANG_ENABLE_OBJC_ARC = YES;
				CLANG_WARN_BOOL_CONVERSION = YES;
				CLANG_WARN_CONSTANT_CONVERSION = YES;
				CLANG_WARN_DIRECT_OBJC_ISA_USAGE = YES_ERROR;
				CLANG_WARN_EMPTY_BODY = YES;
				CLANG_WARN_ENUM_CONVERSION = YES;
				CLANG_WARN_INT_CONVERSION = YES;
				CLANG_WARN_OBJC_ROOT_CLASS = YES_ERROR;
				CLANG_WARN_UNREACHABLE_CODE = YES;
				CLANG_WARN__DUPLICATE_METHOD_MATCH = YES;
				"CODE_SIGN_IDENTITY[sdk=iphoneos*]" = "iPhone Developer";
				COPY_PHASE_STRIP = NO;
				DEBUG_INFORMATION_FORMAT = "dwarf-with-dsym";
				ENABLE_NS_ASSERTIONS = NO;
				ENABLE_STRICT_OBJC_MSGSEND = YES;
				GCC_C_LANGUAGE_STANDARD = gnu99;
				GCC_NO_COMMON_BLOCKS = YES;
				GCC_WARN_64_TO_32_BIT_CONVERSION = YES;
				GCC_WARN_ABOUT_RETURN_TYPE = YES_ERROR;
				GCC_WARN_UNDECLARED_SELECTOR = YES;
				GCC_WARN_UNINITIALIZED_AUTOS = YES_AGGRESSIVE;
				GCC_WARN_UNUSED_FUNCTION = YES;
				GCC_WARN_UNUSED_VARIABLE = YES;
				IPHONEOS_DEPLOYMENT_TARGET = 9.2;
				MTL_ENABLE_DEBUG_INFO = NO;
				SDKROOT = iphoneos;
				VALIDATE_PRODUCT = YES;
			};
			name = Release;
		};
		BB810B581C38471800E5E93C /* Debug */ = {
			isa = XCBuildConfiguration;
			buildSettings = {
				ASSETCATALOG_COMPILER_APPICON_NAME = AppIcon;
				INFOPLIST_FILE = NextFlym/Info.plist;
				LD_RUNPATH_SEARCH_PATHS = "$(inherited) @executable_path/Frameworks";
				PRODUCT_BUNDLE_IDENTIFIER = co.touria.NextFlym;
				PRODUCT_NAME = "$(TARGET_NAME)";
			};
			name = Debug;
		};
		BB810B591C38471800E5E93C /* Release */ = {
			isa = XCBuildConfiguration;
			buildSettings = {
				ASSETCATALOG_COMPILER_APPICON_NAME = AppIcon;
				INFOPLIST_FILE = NextFlym/Info.plist;
				LD_RUNPATH_SEARCH_PATHS = "$(inherited) @executable_path/Frameworks";
				PRODUCT_BUNDLE_IDENTIFIER = co.touria.NextFlym;
				PRODUCT_NAME = "$(TARGET_NAME)";
			};
			name = Release;
		};
		BB810B5B1C38471800E5E93C /* Debug */ = {
			isa = XCBuildConfiguration;
			buildSettings = {
				BUNDLE_LOADER = "$(TEST_HOST)";
				INFOPLIST_FILE = NextFlymTests/Info.plist;
				LD_RUNPATH_SEARCH_PATHS = "$(inherited) @executable_path/Frameworks @loader_path/Frameworks";
				PRODUCT_BUNDLE_IDENTIFIER = co.touria.NextFlymTests;
				PRODUCT_NAME = "$(TARGET_NAME)";
				TEST_HOST = "$(BUILT_PRODUCTS_DIR)/NextFlym.app/NextFlym";
			};
			name = Debug;
		};
		BB810B5C1C38471800E5E93C /* Release */ = {
			isa = XCBuildConfiguration;
			buildSettings = {
				BUNDLE_LOADER = "$(TEST_HOST)";
				INFOPLIST_FILE = NextFlymTests/Info.plist;
				LD_RUNPATH_SEARCH_PATHS = "$(inherited) @executable_path/Frameworks @loader_path/Frameworks";
				PRODUCT_BUNDLE_IDENTIFIER = co.touria.NextFlymTests;
				PRODUCT_NAME = "$(TARGET_NAME)";
				TEST_HOST = "$(BUILT_PRODUCTS_DIR)/NextFlym.app/NextFlym";
			};
			name = Release;
		};
		BB810B5E1C38471800E5E93C /* Debug */ = {
			isa = XCBuildConfiguration;
			buildSettings = {
				INFOPLIST_FILE = NextFlymUITests/Info.plist;
				LD_RUNPATH_SEARCH_PATHS = "$(inherited) @executable_path/Frameworks @loader_path/Frameworks";
				PRODUCT_BUNDLE_IDENTIFIER = co.touria.NextFlymUITests;
				PRODUCT_NAME = "$(TARGET_NAME)";
				TEST_TARGET_NAME = NextFlym;
				USES_XCTRUNNER = YES;
			};
			name = Debug;
		};
		BB810B5F1C38471800E5E93C /* Release */ = {
			isa = XCBuildConfiguration;
			buildSettings = {
				INFOPLIST_FILE = NextFlymUITests/Info.plist;
				LD_RUNPATH_SEARCH_PATHS = "$(inherited) @executable_path/Frameworks @loader_path/Frameworks";
				PRODUCT_BUNDLE_IDENTIFIER = co.touria.NextFlymUITests;
				PRODUCT_NAME = "$(TARGET_NAME)";
				TEST_TARGET_NAME = NextFlym;
				USES_XCTRUNNER = YES;
			};
			name = Release;
		};
/* End XCBuildConfiguration section */

/* Begin XCConfigurationList section */
		BB810B271C38471800E5E93C /* Build configuration list for PBXProject "NextFlym" */ = {
			isa = XCConfigurationList;
			buildConfigurations = (
				BB810B551C38471800E5E93C /* Debug */,
				BB810B561C38471800E5E93C /* Release */,
			);
			defaultConfigurationIsVisible = 0;
			defaultConfigurationName = Release;
		};
		BB810B571C38471800E5E93C /* Build configuration list for PBXNativeTarget "NextFlym" */ = {
			isa = XCConfigurationList;
			buildConfigurations = (
				BB810B581C38471800E5E93C /* Debug */,
				BB810B591C38471800E5E93C /* Release */,
			);
			defaultConfigurationIsVisible = 0;
		};
		BB810B5A1C38471800E5E93C /* Build configuration list for PBXNativeTarget "NextFlymTests" */ = {
			isa = XCConfigurationList;
			buildConfigurations = (
				BB810B5B1C38471800E5E93C /* Debug */,
				BB810B5C1C38471800E5E93C /* Release */,
			);
			defaultConfigurationIsVisible = 0;
		};
		BB810B5D1C38471800E5E93C /* Build configuration list for PBXNativeTarget "NextFlymUITests" */ = {
			isa = XCConfigurationList;
			buildConfigurations = (
				BB810B5E1C38471800E5E93C /* Debug */,
				BB810B5F1C38471800E5E93C /* Release */,
			);
			defaultConfigurationIsVisible = 0;
		};
/* End XCConfigurationList section */

/* Begin XCVersionGroup section */
		BB810B361C38471800E5E93C /* NextFlym.xcdatamodeld */ = {
			isa = XCVersionGroup;
			children = (
				BB810B371C38471800E5E93C /* NextFlym.xcdatamodel */,
			);
			currentVersion = BB810B371C38471800E5E93C /* NextFlym.xcdatamodel */;
			path = NextFlym.xcdatamodeld;
			sourceTree = "<group>";
			versionGroupType = wrapper.xcdatamodel;
		};
/* End XCVersionGroup section */
	};
	rootObject = BB810B241C38471800E5E93C /* Project object */;
}
